{
  "name": "eappointment-zmsentities",
<<<<<<< HEAD
  "version": "file:../../../../zmsentities",
=======
  "version": "1.0.0",
>>>>>>> next
  "lockfileVersion": 3,
  "requires": true,
  "packages": {
    "": {
      "name": "eappointment-zmsentities",
      "version": "1.0.0",
      "license": "MIT",
      "devDependencies": {}
    }
  }
}
